
Microsoft Visual Studio Solution File, Format Version 12.00
# Visual Studio 14
VisualStudioVersion = 14.0.23107.0
MinimumVisualStudioVersion = 10.0.40219.1
Project("{FAE04EC0-301F-11D3-BF4B-00C04F79EFBC}") = "UserInterface", "UI\UserInterface.csproj", "{B592C3C3-C7D0-4B34-A932-06605568E45F}"
EndProject
Project("{2150E333-8FDC-42A3-9474-1A3956D46DE8}") = "Yellowstone Pathology", "Yellowstone Pathology", "{477C1F97-BA67-44FE-A37C-BCBD2EFE6688}"
	ProjectSection(SolutionItems) = preProject
		Local.testsettings = Local.testsettings
		TraceAndTestImpact.testsettings = TraceAndTestImpact.testsettings
		YellowstonePathology.vsmdi = YellowstonePathology.vsmdi
	EndProjectSection
EndProject
Project("{FAE04EC0-301F-11D3-BF4B-00C04F79EFBC}") = "DomainPersistence", "DomainPersistence\DomainPersistence.csproj", "{0B68C6D2-6418-4ECD-95D5-93DD6F8E1782}"
EndProject
Project("{FAE04EC0-301F-11D3-BF4B-00C04F79EFBC}") = "SqlXmlPersistence", "SqlXmlPersistence\SqlXmlPersistence.csproj", "{C64F59D1-3A32-40DF-8294-89E0DCD19BE3}"
EndProject
Project("{FAE04EC0-301F-11D3-BF4B-00C04F79EFBC}") = "YellowstonePathology.YpiConnect.Contract", "YellowstonePathology.YpiConnect.Contract\YellowstonePathology.YpiConnect.Contract.csproj", "{012A95F3-57EE-4ADD-A8D4-5CDE1146812F}"
EndProject
Project("{FAE04EC0-301F-11D3-BF4B-00C04F79EFBC}") = "YellowstonePathology.YpiConnect.Client", "YellowstonePathology.YpiConnect.Client\YellowstonePathology.YpiConnect.Client.csproj", "{FC9E921E-70C1-4D68-B746-1C1E192635AE}"
EndProject
Project("{FAE04EC0-301F-11D3-BF4B-00C04F79EFBC}") = "YellowstonePathology.YpiConnect.Proxy", "YellowstonePathology.YpiConnect.Proxy\YellowstonePathology.YpiConnect.Proxy.csproj", "{61287C68-71AD-415B-B334-90AC335C1C58}"
EndProject
Project("{FAE04EC0-301F-11D3-BF4B-00C04F79EFBC}") = "YellowstonePathology.YpiConnect.Service", "YellowstonePathology.YpiConnect.Service\YellowstonePathology.YpiConnect.Service.csproj", "{7F3B40B5-CB0B-4AC0-A2B0-CCCFF9247484}"
EndProject
Project("{2150E333-8FDC-42A3-9474-1A3956D46DE8}") = "Solution Items", "Solution Items", "{44311866-8304-490A-830A-CBEE183082A3}"
	ProjectSection(SolutionItems) = preProject
		Local.testsettings = Local.testsettings
		TraceAndTestImpact.testsettings = TraceAndTestImpact.testsettings
		YellowstonePathology3.vsmdi = YellowstonePathology3.vsmdi
	EndProjectSection
EndProject
Project("{E24C65DC-7377-472B-9ABA-BC803B73C61A}") = "YpiConnectHttpHost", "YpiConnectHttpHost\", "{CB02282C-851D-4428-983F-EE76294B995D}"
	ProjectSection(WebsiteProperties) = preProject
		TargetFrameworkMoniker = ".NETFramework,Version%3Dv3.5"
		ProjectReferences = "{0B68C6D2-6418-4ECD-95D5-93DD6F8E1782}|DomainPersistence.dll;{C64F59D1-3A32-40DF-8294-89E0DCD19BE3}|SqlXmlPersistence.dll;{012A95F3-57EE-4ADD-A8D4-5CDE1146812F}|YellowstonePathology.YpiConnect.Contract.dll;{7F3B40B5-CB0B-4AC0-A2B0-CCCFF9247484}|YellowstonePathology.YpiConnect.Service.dll;{0712F3D4-5C03-4446-B8FE-B8F5BE9495B1}|BusinessObjects.dll;"
		Debug.AspNetCompiler.VirtualPath = "/YpiConnectHttpHost"
		Debug.AspNetCompiler.PhysicalPath = "YpiConnectHttpHost\"
		Debug.AspNetCompiler.TargetPath = "PrecompiledWeb\YpiConnectHttpHost\"
		Debug.AspNetCompiler.Updateable = "true"
		Debug.AspNetCompiler.ForceOverwrite = "true"
		Debug.AspNetCompiler.FixedNames = "false"
		Debug.AspNetCompiler.Debug = "True"
		Release.AspNetCompiler.VirtualPath = "/YpiConnectHttpHost"
		Release.AspNetCompiler.PhysicalPath = "YpiConnectHttpHost\"
		Release.AspNetCompiler.TargetPath = "PrecompiledWeb\YpiConnectHttpHost\"
		Release.AspNetCompiler.Updateable = "true"
		Release.AspNetCompiler.ForceOverwrite = "true"
		Release.AspNetCompiler.FixedNames = "false"
		Release.AspNetCompiler.Debug = "False"
		VWDPort = "64012"
		SlnRelativePath = "YpiConnectHttpHost\"
	EndProjectSection
EndProject
Project("{FAE04EC0-301F-11D3-BF4B-00C04F79EFBC}") = "MongoMigrationTests", "MongoMigrationTests\MongoMigrationTests.csproj", "{E53908E4-A399-47C0-A302-6D78614C183A}"
EndProject
Project("{FAE04EC0-301F-11D3-BF4B-00C04F79EFBC}") = "BusinessObjects", "Business\BusinessObjects.csproj", "{0712F3D4-5C03-4446-B8FE-B8F5BE9495B1}"
EndProject
Global
	GlobalSection(SolutionConfigurationPlatforms) = preSolution
		Debug|.NET = Debug|.NET
		Debug|Any CPU = Debug|Any CPU
		Debug|Mixed Platforms = Debug|Mixed Platforms
		Debug|Win32 = Debug|Win32
		Debug|x86 = Debug|x86
		Mongo|.NET = Mongo|.NET
		Mongo|Any CPU = Mongo|Any CPU
		Mongo|Mixed Platforms = Mongo|Mixed Platforms
		Mongo|Win32 = Mongo|Win32
		Mongo|x86 = Mongo|x86
		Release|.NET = Release|.NET
		Release|Any CPU = Release|Any CPU
		Release|Mixed Platforms = Release|Mixed Platforms
		Release|Win32 = Release|Win32
		Release|x86 = Release|x86
	EndGlobalSection
	GlobalSection(ProjectConfigurationPlatforms) = postSolution
		{B592C3C3-C7D0-4B34-A932-06605568E45F}.Debug|.NET.ActiveCfg = Debug|Any CPU
		{B592C3C3-C7D0-4B34-A932-06605568E45F}.Debug|Any CPU.ActiveCfg = Debug|Any CPU
		{B592C3C3-C7D0-4B34-A932-06605568E45F}.Debug|Any CPU.Build.0 = Debug|Any CPU
		{B592C3C3-C7D0-4B34-A932-06605568E45F}.Debug|Mixed Platforms.ActiveCfg = Debug|Any CPU
		{B592C3C3-C7D0-4B34-A932-06605568E45F}.Debug|Mixed Platforms.Build.0 = Debug|Any CPU
		{B592C3C3-C7D0-4B34-A932-06605568E45F}.Debug|Win32.ActiveCfg = Debug|Any CPU
		{B592C3C3-C7D0-4B34-A932-06605568E45F}.Debug|x86.ActiveCfg = Debug|Any CPU
		{B592C3C3-C7D0-4B34-A932-06605568E45F}.Mongo|.NET.ActiveCfg = Mongo|Any CPU
		{B592C3C3-C7D0-4B34-A932-06605568E45F}.Mongo|Any CPU.ActiveCfg = Mongo|Any CPU
		{B592C3C3-C7D0-4B34-A932-06605568E45F}.Mongo|Any CPU.Build.0 = Mongo|Any CPU
		{B592C3C3-C7D0-4B34-A932-06605568E45F}.Mongo|Mixed Platforms.ActiveCfg = Mongo|Any CPU
		{B592C3C3-C7D0-4B34-A932-06605568E45F}.Mongo|Mixed Platforms.Build.0 = Mongo|Any CPU
		{B592C3C3-C7D0-4B34-A932-06605568E45F}.Mongo|Win32.ActiveCfg = Mongo|Any CPU
		{B592C3C3-C7D0-4B34-A932-06605568E45F}.Mongo|x86.ActiveCfg = Mongo|Any CPU
		{B592C3C3-C7D0-4B34-A932-06605568E45F}.Release|.NET.ActiveCfg = Release|Any CPU
		{B592C3C3-C7D0-4B34-A932-06605568E45F}.Release|Any CPU.ActiveCfg = Release|Any CPU
		{B592C3C3-C7D0-4B34-A932-06605568E45F}.Release|Any CPU.Build.0 = Release|Any CPU
		{B592C3C3-C7D0-4B34-A932-06605568E45F}.Release|Mixed Platforms.ActiveCfg = Release|Any CPU
		{B592C3C3-C7D0-4B34-A932-06605568E45F}.Release|Mixed Platforms.Build.0 = Release|Any CPU
		{B592C3C3-C7D0-4B34-A932-06605568E45F}.Release|Win32.ActiveCfg = Release|Any CPU
		{B592C3C3-C7D0-4B34-A932-06605568E45F}.Release|x86.ActiveCfg = Release|Any CPU
		{0B68C6D2-6418-4ECD-95D5-93DD6F8E1782}.Debug|.NET.ActiveCfg = Debug|Any CPU
		{0B68C6D2-6418-4ECD-95D5-93DD6F8E1782}.Debug|Any CPU.ActiveCfg = Debug|Any CPU
		{0B68C6D2-6418-4ECD-95D5-93DD6F8E1782}.Debug|Any CPU.Build.0 = Debug|Any CPU
		{0B68C6D2-6418-4ECD-95D5-93DD6F8E1782}.Debug|Mixed Platforms.ActiveCfg = Debug|Any CPU
		{0B68C6D2-6418-4ECD-95D5-93DD6F8E1782}.Debug|Mixed Platforms.Build.0 = Debug|Any CPU
		{0B68C6D2-6418-4ECD-95D5-93DD6F8E1782}.Debug|Win32.ActiveCfg = Debug|Any CPU
		{0B68C6D2-6418-4ECD-95D5-93DD6F8E1782}.Debug|x86.ActiveCfg = Debug|Any CPU
		{0B68C6D2-6418-4ECD-95D5-93DD6F8E1782}.Mongo|.NET.ActiveCfg = Mongo|Any CPU
		{0B68C6D2-6418-4ECD-95D5-93DD6F8E1782}.Mongo|Any CPU.ActiveCfg = Mongo|Any CPU
		{0B68C6D2-6418-4ECD-95D5-93DD6F8E1782}.Mongo|Any CPU.Build.0 = Mongo|Any CPU
		{0B68C6D2-6418-4ECD-95D5-93DD6F8E1782}.Mongo|Mixed Platforms.ActiveCfg = Mongo|Any CPU
		{0B68C6D2-6418-4ECD-95D5-93DD6F8E1782}.Mongo|Mixed Platforms.Build.0 = Mongo|Any CPU
		{0B68C6D2-6418-4ECD-95D5-93DD6F8E1782}.Mongo|Win32.ActiveCfg = Mongo|Any CPU
		{0B68C6D2-6418-4ECD-95D5-93DD6F8E1782}.Mongo|x86.ActiveCfg = Mongo|Any CPU
		{0B68C6D2-6418-4ECD-95D5-93DD6F8E1782}.Release|.NET.ActiveCfg = Release|Any CPU
		{0B68C6D2-6418-4ECD-95D5-93DD6F8E1782}.Release|Any CPU.ActiveCfg = Release|Any CPU
		{0B68C6D2-6418-4ECD-95D5-93DD6F8E1782}.Release|Any CPU.Build.0 = Release|Any CPU
		{0B68C6D2-6418-4ECD-95D5-93DD6F8E1782}.Release|Mixed Platforms.ActiveCfg = Release|Any CPU
		{0B68C6D2-6418-4ECD-95D5-93DD6F8E1782}.Release|Mixed Platforms.Build.0 = Release|Any CPU
		{0B68C6D2-6418-4ECD-95D5-93DD6F8E1782}.Release|Win32.ActiveCfg = Release|Any CPU
		{0B68C6D2-6418-4ECD-95D5-93DD6F8E1782}.Release|x86.ActiveCfg = Release|Any CPU
		{C64F59D1-3A32-40DF-8294-89E0DCD19BE3}.Debug|.NET.ActiveCfg = Debug|Any CPU
		{C64F59D1-3A32-40DF-8294-89E0DCD19BE3}.Debug|Any CPU.ActiveCfg = Debug|Any CPU
		{C64F59D1-3A32-40DF-8294-89E0DCD19BE3}.Debug|Any CPU.Build.0 = Debug|Any CPU
		{C64F59D1-3A32-40DF-8294-89E0DCD19BE3}.Debug|Mixed Platforms.ActiveCfg = Debug|Any CPU
		{C64F59D1-3A32-40DF-8294-89E0DCD19BE3}.Debug|Mixed Platforms.Build.0 = Debug|Any CPU
		{C64F59D1-3A32-40DF-8294-89E0DCD19BE3}.Debug|Win32.ActiveCfg = Debug|Any CPU
		{C64F59D1-3A32-40DF-8294-89E0DCD19BE3}.Debug|x86.ActiveCfg = Debug|Any CPU
		{C64F59D1-3A32-40DF-8294-89E0DCD19BE3}.Mongo|.NET.ActiveCfg = Mongo|Any CPU
		{C64F59D1-3A32-40DF-8294-89E0DCD19BE3}.Mongo|Any CPU.ActiveCfg = Mongo|Any CPU
		{C64F59D1-3A32-40DF-8294-89E0DCD19BE3}.Mongo|Any CPU.Build.0 = Mongo|Any CPU
		{C64F59D1-3A32-40DF-8294-89E0DCD19BE3}.Mongo|Mixed Platforms.ActiveCfg = Mongo|Any CPU
		{C64F59D1-3A32-40DF-8294-89E0DCD19BE3}.Mongo|Mixed Platforms.Build.0 = Mongo|Any CPU
		{C64F59D1-3A32-40DF-8294-89E0DCD19BE3}.Mongo|Win32.ActiveCfg = Mongo|Any CPU
		{C64F59D1-3A32-40DF-8294-89E0DCD19BE3}.Mongo|x86.ActiveCfg = Mongo|Any CPU
		{C64F59D1-3A32-40DF-8294-89E0DCD19BE3}.Release|.NET.ActiveCfg = Release|Any CPU
		{C64F59D1-3A32-40DF-8294-89E0DCD19BE3}.Release|Any CPU.ActiveCfg = Release|Any CPU
		{C64F59D1-3A32-40DF-8294-89E0DCD19BE3}.Release|Any CPU.Build.0 = Release|Any CPU
		{C64F59D1-3A32-40DF-8294-89E0DCD19BE3}.Release|Mixed Platforms.ActiveCfg = Release|Any CPU
		{C64F59D1-3A32-40DF-8294-89E0DCD19BE3}.Release|Mixed Platforms.Build.0 = Release|Any CPU
		{C64F59D1-3A32-40DF-8294-89E0DCD19BE3}.Release|Win32.ActiveCfg = Release|Any CPU
		{C64F59D1-3A32-40DF-8294-89E0DCD19BE3}.Release|x86.ActiveCfg = Release|Any CPU
		{012A95F3-57EE-4ADD-A8D4-5CDE1146812F}.Debug|.NET.ActiveCfg = Debug|Any CPU
		{012A95F3-57EE-4ADD-A8D4-5CDE1146812F}.Debug|Any CPU.ActiveCfg = Debug|Any CPU
		{012A95F3-57EE-4ADD-A8D4-5CDE1146812F}.Debug|Any CPU.Build.0 = Debug|Any CPU
		{012A95F3-57EE-4ADD-A8D4-5CDE1146812F}.Debug|Mixed Platforms.ActiveCfg = Debug|Any CPU
		{012A95F3-57EE-4ADD-A8D4-5CDE1146812F}.Debug|Mixed Platforms.Build.0 = Debug|Any CPU
		{012A95F3-57EE-4ADD-A8D4-5CDE1146812F}.Debug|Win32.ActiveCfg = Debug|Any CPU
		{012A95F3-57EE-4ADD-A8D4-5CDE1146812F}.Debug|x86.ActiveCfg = Debug|Any CPU
		{012A95F3-57EE-4ADD-A8D4-5CDE1146812F}.Mongo|.NET.ActiveCfg = Mongo|Any CPU
		{012A95F3-57EE-4ADD-A8D4-5CDE1146812F}.Mongo|Any CPU.ActiveCfg = Mongo|Any CPU
		{012A95F3-57EE-4ADD-A8D4-5CDE1146812F}.Mongo|Any CPU.Build.0 = Mongo|Any CPU
		{012A95F3-57EE-4ADD-A8D4-5CDE1146812F}.Mongo|Mixed Platforms.ActiveCfg = Mongo|Any CPU
		{012A95F3-57EE-4ADD-A8D4-5CDE1146812F}.Mongo|Mixed Platforms.Build.0 = Mongo|Any CPU
		{012A95F3-57EE-4ADD-A8D4-5CDE1146812F}.Mongo|Win32.ActiveCfg = Mongo|Any CPU
		{012A95F3-57EE-4ADD-A8D4-5CDE1146812F}.Mongo|x86.ActiveCfg = Mongo|Any CPU
		{012A95F3-57EE-4ADD-A8D4-5CDE1146812F}.Release|.NET.ActiveCfg = Release|Any CPU
		{012A95F3-57EE-4ADD-A8D4-5CDE1146812F}.Release|Any CPU.ActiveCfg = Release|Any CPU
		{012A95F3-57EE-4ADD-A8D4-5CDE1146812F}.Release|Any CPU.Build.0 = Release|Any CPU
		{012A95F3-57EE-4ADD-A8D4-5CDE1146812F}.Release|Mixed Platforms.ActiveCfg = Release|Any CPU
		{012A95F3-57EE-4ADD-A8D4-5CDE1146812F}.Release|Mixed Platforms.Build.0 = Release|Any CPU
		{012A95F3-57EE-4ADD-A8D4-5CDE1146812F}.Release|Win32.ActiveCfg = Release|Any CPU
		{012A95F3-57EE-4ADD-A8D4-5CDE1146812F}.Release|x86.ActiveCfg = Release|Any CPU
		{FC9E921E-70C1-4D68-B746-1C1E192635AE}.Debug|.NET.ActiveCfg = Debug|Any CPU
		{FC9E921E-70C1-4D68-B746-1C1E192635AE}.Debug|Any CPU.ActiveCfg = Debug|Any CPU
		{FC9E921E-70C1-4D68-B746-1C1E192635AE}.Debug|Any CPU.Build.0 = Debug|Any CPU
		{FC9E921E-70C1-4D68-B746-1C1E192635AE}.Debug|Mixed Platforms.ActiveCfg = Debug|Any CPU
		{FC9E921E-70C1-4D68-B746-1C1E192635AE}.Debug|Mixed Platforms.Build.0 = Debug|Any CPU
		{FC9E921E-70C1-4D68-B746-1C1E192635AE}.Debug|Win32.ActiveCfg = Debug|Any CPU
		{FC9E921E-70C1-4D68-B746-1C1E192635AE}.Debug|x86.ActiveCfg = Debug|Any CPU
		{FC9E921E-70C1-4D68-B746-1C1E192635AE}.Mongo|.NET.ActiveCfg = Mongo|Any CPU
		{FC9E921E-70C1-4D68-B746-1C1E192635AE}.Mongo|Any CPU.ActiveCfg = Mongo|Any CPU
		{FC9E921E-70C1-4D68-B746-1C1E192635AE}.Mongo|Any CPU.Build.0 = Mongo|Any CPU
		{FC9E921E-70C1-4D68-B746-1C1E192635AE}.Mongo|Mixed Platforms.ActiveCfg = Mongo|Any CPU
		{FC9E921E-70C1-4D68-B746-1C1E192635AE}.Mongo|Mixed Platforms.Build.0 = Mongo|Any CPU
		{FC9E921E-70C1-4D68-B746-1C1E192635AE}.Mongo|Win32.ActiveCfg = Mongo|Any CPU
		{FC9E921E-70C1-4D68-B746-1C1E192635AE}.Mongo|x86.ActiveCfg = Mongo|Any CPU
		{FC9E921E-70C1-4D68-B746-1C1E192635AE}.Release|.NET.ActiveCfg = Release|Any CPU
		{FC9E921E-70C1-4D68-B746-1C1E192635AE}.Release|Any CPU.ActiveCfg = Release|Any CPU
		{FC9E921E-70C1-4D68-B746-1C1E192635AE}.Release|Any CPU.Build.0 = Release|Any CPU
		{FC9E921E-70C1-4D68-B746-1C1E192635AE}.Release|Mixed Platforms.ActiveCfg = Release|Any CPU
		{FC9E921E-70C1-4D68-B746-1C1E192635AE}.Release|Mixed Platforms.Build.0 = Release|Any CPU
		{FC9E921E-70C1-4D68-B746-1C1E192635AE}.Release|Win32.ActiveCfg = Release|Any CPU
		{FC9E921E-70C1-4D68-B746-1C1E192635AE}.Release|x86.ActiveCfg = Release|Any CPU
		{61287C68-71AD-415B-B334-90AC335C1C58}.Debug|.NET.ActiveCfg = Debug|Any CPU
		{61287C68-71AD-415B-B334-90AC335C1C58}.Debug|Any CPU.ActiveCfg = Debug|Any CPU
		{61287C68-71AD-415B-B334-90AC335C1C58}.Debug|Any CPU.Build.0 = Debug|Any CPU
		{61287C68-71AD-415B-B334-90AC335C1C58}.Debug|Mixed Platforms.ActiveCfg = Debug|Any CPU
		{61287C68-71AD-415B-B334-90AC335C1C58}.Debug|Mixed Platforms.Build.0 = Debug|Any CPU
		{61287C68-71AD-415B-B334-90AC335C1C58}.Debug|Win32.ActiveCfg = Debug|Any CPU
		{61287C68-71AD-415B-B334-90AC335C1C58}.Debug|x86.ActiveCfg = Debug|Any CPU
		{61287C68-71AD-415B-B334-90AC335C1C58}.Mongo|.NET.ActiveCfg = Mongo|Any CPU
		{61287C68-71AD-415B-B334-90AC335C1C58}.Mongo|Any CPU.ActiveCfg = Mongo|Any CPU
		{61287C68-71AD-415B-B334-90AC335C1C58}.Mongo|Any CPU.Build.0 = Mongo|Any CPU
		{61287C68-71AD-415B-B334-90AC335C1C58}.Mongo|Mixed Platforms.ActiveCfg = Mongo|Any CPU
		{61287C68-71AD-415B-B334-90AC335C1C58}.Mongo|Mixed Platforms.Build.0 = Mongo|Any CPU
		{61287C68-71AD-415B-B334-90AC335C1C58}.Mongo|Win32.ActiveCfg = Mongo|Any CPU
		{61287C68-71AD-415B-B334-90AC335C1C58}.Mongo|x86.ActiveCfg = Mongo|Any CPU
		{61287C68-71AD-415B-B334-90AC335C1C58}.Release|.NET.ActiveCfg = Release|Any CPU
		{61287C68-71AD-415B-B334-90AC335C1C58}.Release|Any CPU.ActiveCfg = Release|Any CPU
		{61287C68-71AD-415B-B334-90AC335C1C58}.Release|Any CPU.Build.0 = Release|Any CPU
		{61287C68-71AD-415B-B334-90AC335C1C58}.Release|Mixed Platforms.ActiveCfg = Release|Any CPU
		{61287C68-71AD-415B-B334-90AC335C1C58}.Release|Mixed Platforms.Build.0 = Release|Any CPU
		{61287C68-71AD-415B-B334-90AC335C1C58}.Release|Win32.ActiveCfg = Release|Any CPU
		{61287C68-71AD-415B-B334-90AC335C1C58}.Release|x86.ActiveCfg = Release|Any CPU
		{7F3B40B5-CB0B-4AC0-A2B0-CCCFF9247484}.Debug|.NET.ActiveCfg = Debug|Any CPU
		{7F3B40B5-CB0B-4AC0-A2B0-CCCFF9247484}.Debug|Any CPU.ActiveCfg = Debug|Any CPU
		{7F3B40B5-CB0B-4AC0-A2B0-CCCFF9247484}.Debug|Any CPU.Build.0 = Debug|Any CPU
		{7F3B40B5-CB0B-4AC0-A2B0-CCCFF9247484}.Debug|Mixed Platforms.ActiveCfg = Debug|Any CPU
		{7F3B40B5-CB0B-4AC0-A2B0-CCCFF9247484}.Debug|Mixed Platforms.Build.0 = Debug|Any CPU
		{7F3B40B5-CB0B-4AC0-A2B0-CCCFF9247484}.Debug|Win32.ActiveCfg = Debug|Any CPU
		{7F3B40B5-CB0B-4AC0-A2B0-CCCFF9247484}.Debug|x86.ActiveCfg = Debug|Any CPU
		{7F3B40B5-CB0B-4AC0-A2B0-CCCFF9247484}.Mongo|.NET.ActiveCfg = Mongo|Any CPU
		{7F3B40B5-CB0B-4AC0-A2B0-CCCFF9247484}.Mongo|Any CPU.ActiveCfg = Mongo|Any CPU
		{7F3B40B5-CB0B-4AC0-A2B0-CCCFF9247484}.Mongo|Any CPU.Build.0 = Mongo|Any CPU
		{7F3B40B5-CB0B-4AC0-A2B0-CCCFF9247484}.Mongo|Mixed Platforms.ActiveCfg = Mongo|Any CPU
		{7F3B40B5-CB0B-4AC0-A2B0-CCCFF9247484}.Mongo|Mixed Platforms.Build.0 = Mongo|Any CPU
		{7F3B40B5-CB0B-4AC0-A2B0-CCCFF9247484}.Mongo|Win32.ActiveCfg = Mongo|Any CPU
		{7F3B40B5-CB0B-4AC0-A2B0-CCCFF9247484}.Mongo|x86.ActiveCfg = Mongo|Any CPU
		{7F3B40B5-CB0B-4AC0-A2B0-CCCFF9247484}.Release|.NET.ActiveCfg = Release|Any CPU
		{7F3B40B5-CB0B-4AC0-A2B0-CCCFF9247484}.Release|Any CPU.ActiveCfg = Release|Any CPU
		{7F3B40B5-CB0B-4AC0-A2B0-CCCFF9247484}.Release|Any CPU.Build.0 = Release|Any CPU
		{7F3B40B5-CB0B-4AC0-A2B0-CCCFF9247484}.Release|Mixed Platforms.ActiveCfg = Release|Any CPU
		{7F3B40B5-CB0B-4AC0-A2B0-CCCFF9247484}.Release|Mixed Platforms.Build.0 = Release|Any CPU
		{7F3B40B5-CB0B-4AC0-A2B0-CCCFF9247484}.Release|Win32.ActiveCfg = Release|Any CPU
		{7F3B40B5-CB0B-4AC0-A2B0-CCCFF9247484}.Release|x86.ActiveCfg = Release|Any CPU
		{CB02282C-851D-4428-983F-EE76294B995D}.Debug|.NET.ActiveCfg = Debug|Any CPU
		{CB02282C-851D-4428-983F-EE76294B995D}.Debug|Any CPU.ActiveCfg = Debug|Any CPU
		{CB02282C-851D-4428-983F-EE76294B995D}.Debug|Any CPU.Build.0 = Debug|Any CPU
		{CB02282C-851D-4428-983F-EE76294B995D}.Debug|Mixed Platforms.ActiveCfg = Debug|Any CPU
		{CB02282C-851D-4428-983F-EE76294B995D}.Debug|Mixed Platforms.Build.0 = Debug|Any CPU
		{CB02282C-851D-4428-983F-EE76294B995D}.Debug|Win32.ActiveCfg = Debug|Any CPU
		{CB02282C-851D-4428-983F-EE76294B995D}.Debug|x86.ActiveCfg = Debug|Any CPU
		{CB02282C-851D-4428-983F-EE76294B995D}.Mongo|.NET.ActiveCfg = Debug|Any CPU
		{CB02282C-851D-4428-983F-EE76294B995D}.Mongo|Any CPU.ActiveCfg = Debug|Any CPU
		{CB02282C-851D-4428-983F-EE76294B995D}.Mongo|Any CPU.Build.0 = Debug|Any CPU
		{CB02282C-851D-4428-983F-EE76294B995D}.Mongo|Mixed Platforms.ActiveCfg = Debug|Any CPU
		{CB02282C-851D-4428-983F-EE76294B995D}.Mongo|Mixed Platforms.Build.0 = Debug|Any CPU
		{CB02282C-851D-4428-983F-EE76294B995D}.Mongo|Win32.ActiveCfg = Debug|Any CPU
		{CB02282C-851D-4428-983F-EE76294B995D}.Mongo|x86.ActiveCfg = Debug|Any CPU
		{CB02282C-851D-4428-983F-EE76294B995D}.Release|.NET.ActiveCfg = Debug|Any CPU
		{CB02282C-851D-4428-983F-EE76294B995D}.Release|Any CPU.ActiveCfg = Debug|Any CPU
		{CB02282C-851D-4428-983F-EE76294B995D}.Release|Any CPU.Build.0 = Debug|Any CPU
		{CB02282C-851D-4428-983F-EE76294B995D}.Release|Mixed Platforms.ActiveCfg = Debug|Any CPU
		{CB02282C-851D-4428-983F-EE76294B995D}.Release|Mixed Platforms.Build.0 = Debug|Any CPU
		{CB02282C-851D-4428-983F-EE76294B995D}.Release|Win32.ActiveCfg = Debug|Any CPU
		{CB02282C-851D-4428-983F-EE76294B995D}.Release|x86.ActiveCfg = Debug|Any CPU
		{E53908E4-A399-47C0-A302-6D78614C183A}.Debug|.NET.ActiveCfg = Debug|Any CPU
		{E53908E4-A399-47C0-A302-6D78614C183A}.Debug|Any CPU.ActiveCfg = Debug|Any CPU
		{E53908E4-A399-47C0-A302-6D78614C183A}.Debug|Any CPU.Build.0 = Debug|Any CPU
		{E53908E4-A399-47C0-A302-6D78614C183A}.Debug|Mixed Platforms.ActiveCfg = Debug|Any CPU
		{E53908E4-A399-47C0-A302-6D78614C183A}.Debug|Mixed Platforms.Build.0 = Debug|Any CPU
		{E53908E4-A399-47C0-A302-6D78614C183A}.Debug|Win32.ActiveCfg = Debug|Any CPU
		{E53908E4-A399-47C0-A302-6D78614C183A}.Debug|x86.ActiveCfg = Debug|Any CPU
		{E53908E4-A399-47C0-A302-6D78614C183A}.Mongo|.NET.ActiveCfg = Release|Any CPU
		{E53908E4-A399-47C0-A302-6D78614C183A}.Mongo|Any CPU.ActiveCfg = Release|Any CPU
		{E53908E4-A399-47C0-A302-6D78614C183A}.Mongo|Any CPU.Build.0 = Release|Any CPU
		{E53908E4-A399-47C0-A302-6D78614C183A}.Mongo|Mixed Platforms.ActiveCfg = Release|Any CPU
		{E53908E4-A399-47C0-A302-6D78614C183A}.Mongo|Mixed Platforms.Build.0 = Release|Any CPU
		{E53908E4-A399-47C0-A302-6D78614C183A}.Mongo|Win32.ActiveCfg = Release|Any CPU
		{E53908E4-A399-47C0-A302-6D78614C183A}.Mongo|x86.ActiveCfg = Release|Any CPU
		{E53908E4-A399-47C0-A302-6D78614C183A}.Release|.NET.ActiveCfg = Release|Any CPU
		{E53908E4-A399-47C0-A302-6D78614C183A}.Release|Any CPU.ActiveCfg = Release|Any CPU
		{E53908E4-A399-47C0-A302-6D78614C183A}.Release|Any CPU.Build.0 = Release|Any CPU
		{E53908E4-A399-47C0-A302-6D78614C183A}.Release|Mixed Platforms.ActiveCfg = Release|Any CPU
		{E53908E4-A399-47C0-A302-6D78614C183A}.Release|Mixed Platforms.Build.0 = Release|Any CPU
		{E53908E4-A399-47C0-A302-6D78614C183A}.Release|Win32.ActiveCfg = Release|Any CPU
		{E53908E4-A399-47C0-A302-6D78614C183A}.Release|x86.ActiveCfg = Release|Any CPU
		{0712F3D4-5C03-4446-B8FE-B8F5BE9495B1}.Debug|.NET.ActiveCfg = Debug|Any CPU
		{0712F3D4-5C03-4446-B8FE-B8F5BE9495B1}.Debug|Any CPU.ActiveCfg = Debug|Any CPU
		{0712F3D4-5C03-4446-B8FE-B8F5BE9495B1}.Debug|Any CPU.Build.0 = Debug|Any CPU
		{0712F3D4-5C03-4446-B8FE-B8F5BE9495B1}.Debug|Mixed Platforms.ActiveCfg = Debug|Any CPU
		{0712F3D4-5C03-4446-B8FE-B8F5BE9495B1}.Debug|Mixed Platforms.Build.0 = Debug|Any CPU
		{0712F3D4-5C03-4446-B8FE-B8F5BE9495B1}.Debug|Win32.ActiveCfg = Debug|Any CPU
		{0712F3D4-5C03-4446-B8FE-B8F5BE9495B1}.Debug|x86.ActiveCfg = Debug|Any CPU
		{0712F3D4-5C03-4446-B8FE-B8F5BE9495B1}.Mongo|.NET.ActiveCfg = Mongo|Any CPU
		{0712F3D4-5C03-4446-B8FE-B8F5BE9495B1}.Mongo|Any CPU.ActiveCfg = Mongo|Any CPU
		{0712F3D4-5C03-4446-B8FE-B8F5BE9495B1}.Mongo|Any CPU.Build.0 = Mongo|Any CPU
		{0712F3D4-5C03-4446-B8FE-B8F5BE9495B1}.Mongo|Mixed Platforms.ActiveCfg = Mongo|Any CPU
		{0712F3D4-5C03-4446-B8FE-B8F5BE9495B1}.Mongo|Mixed Platforms.Build.0 = Mongo|Any CPU
		{0712F3D4-5C03-4446-B8FE-B8F5BE9495B1}.Mongo|Win32.ActiveCfg = Mongo|Any CPU
		{0712F3D4-5C03-4446-B8FE-B8F5BE9495B1}.Mongo|x86.ActiveCfg = Mongo|Any CPU
		{0712F3D4-5C03-4446-B8FE-B8F5BE9495B1}.Release|.NET.ActiveCfg = Release|Any CPU
		{0712F3D4-5C03-4446-B8FE-B8F5BE9495B1}.Release|Any CPU.ActiveCfg = Release|Any CPU
		{0712F3D4-5C03-4446-B8FE-B8F5BE9495B1}.Release|Any CPU.Build.0 = Release|Any CPU
		{0712F3D4-5C03-4446-B8FE-B8F5BE9495B1}.Release|Mixed Platforms.ActiveCfg = Release|Any CPU
		{0712F3D4-5C03-4446-B8FE-B8F5BE9495B1}.Release|Mixed Platforms.Build.0 = Release|Any CPU
		{0712F3D4-5C03-4446-B8FE-B8F5BE9495B1}.Release|Win32.ActiveCfg = Release|Any CPU
		{0712F3D4-5C03-4446-B8FE-B8F5BE9495B1}.Release|x86.ActiveCfg = Release|Any CPU
	EndGlobalSection
	GlobalSection(SolutionProperties) = preSolution
		HideSolutionNode = FALSE
	EndGlobalSection
	GlobalSection(TestCaseManagementSettings) = postSolution
		CategoryFile = YellowstonePathology3.vsmdi
	EndGlobalSection
EndGlobal
