
Microsoft Visual Studio Solution File, Format Version 12.00
# Visual Studio 14
VisualStudioVersion = 14.0.25123.0
MinimumVisualStudioVersion = 10.0.40219.1
Project("{2150E333-8FDC-42A3-9474-1A3956D46DE8}") = "Yellowstone Pathology", "Yellowstone Pathology", "{477C1F97-BA67-44FE-A37C-BCBD2EFE6688}"
	ProjectSection(SolutionItems) = preProject
		Local.testsettings = Local.testsettings
		TraceAndTestImpact.testsettings = TraceAndTestImpact.testsettings
		YellowstonePathology.vsmdi = YellowstonePathology.vsmdi
	EndProjectSection
EndProject
Project("{2150E333-8FDC-42A3-9474-1A3956D46DE8}") = "Solution Items", "Solution Items", "{44311866-8304-490A-830A-CBEE183082A3}"
	ProjectSection(SolutionItems) = preProject
		Local.testsettings = Local.testsettings
		TraceAndTestImpact.testsettings = TraceAndTestImpact.testsettings
		YellowstonePathology3.vsmdi = YellowstonePathology3.vsmdi
	EndProjectSection
EndProject
Project("{FAE04EC0-301F-11D3-BF4B-00C04F79EFBC}") = "UserInterface", "YellowstonePathology\UserInterface.csproj", "{B592C3C3-C7D0-4B34-A932-06605568E45F}"
EndProject
Global
	GlobalSection(SolutionConfigurationPlatforms) = preSolution
		Debug|Any CPU = Debug|Any CPU
		Mongo|Any CPU = Mongo|Any CPU
		Release|Any CPU = Release|Any CPU
	EndGlobalSection
	GlobalSection(ProjectConfigurationPlatforms) = postSolution
		{B592C3C3-C7D0-4B34-A932-06605568E45F}.Debug|Any CPU.ActiveCfg = Debug|Any CPU
		{B592C3C3-C7D0-4B34-A932-06605568E45F}.Debug|Any CPU.Build.0 = Debug|Any CPU
		{B592C3C3-C7D0-4B34-A932-06605568E45F}.Mongo|Any CPU.ActiveCfg = Mongo|Any CPU
		{B592C3C3-C7D0-4B34-A932-06605568E45F}.Mongo|Any CPU.Build.0 = Mongo|Any CPU
		{B592C3C3-C7D0-4B34-A932-06605568E45F}.Release|Any CPU.ActiveCfg = Release|Any CPU
		{B592C3C3-C7D0-4B34-A932-06605568E45F}.Release|Any CPU.Build.0 = Release|Any CPU
	EndGlobalSection
	GlobalSection(SolutionProperties) = preSolution
		HideSolutionNode = FALSE
	EndGlobalSection
	GlobalSection(TestCaseManagementSettings) = postSolution
		CategoryFile = YellowstonePathology3.vsmdi
	EndGlobalSection
EndGlobal
