
Microsoft Visual Studio Solution File, Format Version 12.00
# Visual Studio 14
VisualStudioVersion = 14.0.23107.0
MinimumVisualStudioVersion = 10.0.40219.1
Project("{FAE04EC0-301F-11D3-BF4B-00C04F79EFBC}") = "YellowstonePathology.OptimusPrime", "YellowstonePathology.OptimusPrime.csproj", "{69D98E8A-3353-413E-9974-8F4CA96B5CBC}"
EndProject
Global
	GlobalSection(SolutionConfigurationPlatforms) = preSolution
		Debug|Any CPU = Debug|Any CPU
		Release|Any CPU = Release|Any CPU
	EndGlobalSection
	GlobalSection(ProjectConfigurationPlatforms) = postSolution
		{69D98E8A-3353-413E-9974-8F4CA96B5CBC}.Debug|Any CPU.ActiveCfg = Debug|Any CPU
		{69D98E8A-3353-413E-9974-8F4CA96B5CBC}.Debug|Any CPU.Build.0 = Debug|Any CPU
		{69D98E8A-3353-413E-9974-8F4CA96B5CBC}.Release|Any CPU.ActiveCfg = Release|Any CPU
		{69D98E8A-3353-413E-9974-8F4CA96B5CBC}.Release|Any CPU.Build.0 = Release|Any CPU
	EndGlobalSection
	GlobalSection(SolutionProperties) = preSolution
		HideSolutionNode = FALSE
	EndGlobalSection
EndGlobal
